
Microsoft Visual Studio Solution File, Format Version 12.00
# Visual Studio Version 17
VisualStudioVersion = 17.13.35818.85 d17.13
MinimumVisualStudioVersion = 10.0.40219.1
Project("{2150E333-8FDC-42A3-9474-1A3956D46DE8}") = "Docker", "Docker", "{D65F0E4C-2F6D-4573-84DB-0547A5AF50FA}"
EndProject
Project("{2150E333-8FDC-42A3-9474-1A3956D46DE8}") = "Services", "Services", "{2FAFD70D-6AC4-4DBC-8885-5A66F9CF3050}"
EndProject
Project("{2150E333-8FDC-42A3-9474-1A3956D46DE8}") = "Gateways", "Gateways", "{B0C9E11C-A48D-4B09-8234-A2C90B8FB204}"
EndProject
Project("{2150E333-8FDC-42A3-9474-1A3956D46DE8}") = "Solution Items", "Solution Items", "{8D9F1412-6930-4522-B98F-85DF6FDF0EAB}"
	ProjectSection(SolutionItems) = preProject
		.env = .env
		.gitignore = .gitignore
		Directory.Build.props = Directory.Build.props
		Directory.Packages.props = Directory.Packages.props
		jwt_properties.json = jwt_properties.json
		nlog.config = nlog.config
	EndProjectSection
EndProject
Project("{E53339B2-1760-4266-BCC7-CA923CBCF16C}") = "docker-compose", "docker-compose.dcproj", "{81DDED9D-158B-E303-5F62-77A2896D2A5A}"
EndProject
Project("{2150E333-8FDC-42A3-9474-1A3956D46DE8}") = "Identity", "Identity", "{E39FF41A-4062-4F30-A05D-5BB7C749BB54}"
EndProject
Project("{FAE04EC0-301F-11D3-BF4B-00C04F79EFBC}") = "Identity.Presentation", "Services\Identity\Identity.Presentation\Identity.Presentation.csproj", "{4C0B4999-8922-4177-8B81-3746F4678A8D}"
EndProject
Project("{FAE04EC0-301F-11D3-BF4B-00C04F79EFBC}") = "Identity.Domain", "Services\Identity\Identity.Domain\Identity.Domain.csproj", "{7CD981B0-131D-44A7-9350-38EE70680163}"
EndProject
Project("{FAE04EC0-301F-11D3-BF4B-00C04F79EFBC}") = "Identity.Application", "Services\Identity\Identity.Application\Identity.Application.csproj", "{EA070A9F-7414-491D-952F-31C6123FB224}"
EndProject
Project("{FAE04EC0-301F-11D3-BF4B-00C04F79EFBC}") = "Identity.Infrastructure", "Services\Identity\Identity.Infrastructure\Identity.Infrastructure.csproj", "{646C4E9B-07AE-4F86-9510-2F40EEDB4F0B}"
EndProject
Project("{FAE04EC0-301F-11D3-BF4B-00C04F79EFBC}") = "Gateway.Web", "Gateways\Web\Gateway.Web\Gateway.Web.csproj", "{70E490F2-4D13-4C24-AE2E-444A1256B58D}"
EndProject
Project("{2150E333-8FDC-42A3-9474-1A3956D46DE8}") = "Users", "Users", "{74B36590-C024-41C6-9EF1-36758A3AF47B}"
EndProject
Project("{FAE04EC0-301F-11D3-BF4B-00C04F79EFBC}") = "Users.Domain", "Services\Users\Users.Domain\Users.Domain.csproj", "{A8AE76CE-C3D3-4B7D-B4A2-EADEA34D9357}"
EndProject
Project("{FAE04EC0-301F-11D3-BF4B-00C04F79EFBC}") = "Users.Application", "Services\Users\Users.Application\Users.Application.csproj", "{629F7837-80F3-42EA-A18C-82C0D3FB4AC6}"
EndProject
Project("{FAE04EC0-301F-11D3-BF4B-00C04F79EFBC}") = "Users.Infrastructure", "Services\Users\Users.Infrastructure\Users.Infrastructure.csproj", "{0B7A91D2-C6C4-4B0B-9F50-5FF22A7EB026}"
EndProject
Project("{FAE04EC0-301F-11D3-BF4B-00C04F79EFBC}") = "Users.Presentation", "Services\Users\Users.Presentation\Users.Presentation.csproj", "{6382ADA1-89FD-405F-B38B-C4DC444ED142}"
EndProject
Global
	GlobalSection(SolutionConfigurationPlatforms) = preSolution
		Debug|Any CPU = Debug|Any CPU
		Release|Any CPU = Release|Any CPU
	EndGlobalSection
	GlobalSection(ProjectConfigurationPlatforms) = postSolution
		{81DDED9D-158B-E303-5F62-77A2896D2A5A}.Debug|Any CPU.ActiveCfg = Debug|Any CPU
		{81DDED9D-158B-E303-5F62-77A2896D2A5A}.Debug|Any CPU.Build.0 = Debug|Any CPU
		{81DDED9D-158B-E303-5F62-77A2896D2A5A}.Release|Any CPU.ActiveCfg = Release|Any CPU
		{81DDED9D-158B-E303-5F62-77A2896D2A5A}.Release|Any CPU.Build.0 = Release|Any CPU
		{4C0B4999-8922-4177-8B81-3746F4678A8D}.Debug|Any CPU.ActiveCfg = Debug|Any CPU
		{4C0B4999-8922-4177-8B81-3746F4678A8D}.Debug|Any CPU.Build.0 = Debug|Any CPU
		{4C0B4999-8922-4177-8B81-3746F4678A8D}.Release|Any CPU.ActiveCfg = Release|Any CPU
		{4C0B4999-8922-4177-8B81-3746F4678A8D}.Release|Any CPU.Build.0 = Release|Any CPU
		{7CD981B0-131D-44A7-9350-38EE70680163}.Debug|Any CPU.ActiveCfg = Debug|Any CPU
		{7CD981B0-131D-44A7-9350-38EE70680163}.Debug|Any CPU.Build.0 = Debug|Any CPU
		{7CD981B0-131D-44A7-9350-38EE70680163}.Release|Any CPU.ActiveCfg = Release|Any CPU
		{7CD981B0-131D-44A7-9350-38EE70680163}.Release|Any CPU.Build.0 = Release|Any CPU
		{EA070A9F-7414-491D-952F-31C6123FB224}.Debug|Any CPU.ActiveCfg = Debug|Any CPU
		{EA070A9F-7414-491D-952F-31C6123FB224}.Debug|Any CPU.Build.0 = Debug|Any CPU
		{EA070A9F-7414-491D-952F-31C6123FB224}.Release|Any CPU.ActiveCfg = Release|Any CPU
		{EA070A9F-7414-491D-952F-31C6123FB224}.Release|Any CPU.Build.0 = Release|Any CPU
		{646C4E9B-07AE-4F86-9510-2F40EEDB4F0B}.Debug|Any CPU.ActiveCfg = Debug|Any CPU
		{646C4E9B-07AE-4F86-9510-2F40EEDB4F0B}.Debug|Any CPU.Build.0 = Debug|Any CPU
		{646C4E9B-07AE-4F86-9510-2F40EEDB4F0B}.Release|Any CPU.ActiveCfg = Release|Any CPU
		{646C4E9B-07AE-4F86-9510-2F40EEDB4F0B}.Release|Any CPU.Build.0 = Release|Any CPU
		{70E490F2-4D13-4C24-AE2E-444A1256B58D}.Debug|Any CPU.ActiveCfg = Debug|Any CPU
		{70E490F2-4D13-4C24-AE2E-444A1256B58D}.Debug|Any CPU.Build.0 = Debug|Any CPU
		{70E490F2-4D13-4C24-AE2E-444A1256B58D}.Release|Any CPU.ActiveCfg = Release|Any CPU
		{70E490F2-4D13-4C24-AE2E-444A1256B58D}.Release|Any CPU.Build.0 = Release|Any CPU
		{A8AE76CE-C3D3-4B7D-B4A2-EADEA34D9357}.Debug|Any CPU.ActiveCfg = Debug|Any CPU
		{A8AE76CE-C3D3-4B7D-B4A2-EADEA34D9357}.Debug|Any CPU.Build.0 = Debug|Any CPU
		{A8AE76CE-C3D3-4B7D-B4A2-EADEA34D9357}.Release|Any CPU.ActiveCfg = Release|Any CPU
		{A8AE76CE-C3D3-4B7D-B4A2-EADEA34D9357}.Release|Any CPU.Build.0 = Release|Any CPU
		{629F7837-80F3-42EA-A18C-82C0D3FB4AC6}.Debug|Any CPU.ActiveCfg = Debug|Any CPU
		{629F7837-80F3-42EA-A18C-82C0D3FB4AC6}.Debug|Any CPU.Build.0 = Debug|Any CPU
		{629F7837-80F3-42EA-A18C-82C0D3FB4AC6}.Release|Any CPU.ActiveCfg = Release|Any CPU
		{629F7837-80F3-42EA-A18C-82C0D3FB4AC6}.Release|Any CPU.Build.0 = Release|Any CPU
		{0B7A91D2-C6C4-4B0B-9F50-5FF22A7EB026}.Debug|Any CPU.ActiveCfg = Debug|Any CPU
		{0B7A91D2-C6C4-4B0B-9F50-5FF22A7EB026}.Debug|Any CPU.Build.0 = Debug|Any CPU
		{0B7A91D2-C6C4-4B0B-9F50-5FF22A7EB026}.Release|Any CPU.ActiveCfg = Release|Any CPU
		{0B7A91D2-C6C4-4B0B-9F50-5FF22A7EB026}.Release|Any CPU.Build.0 = Release|Any CPU
		{6382ADA1-89FD-405F-B38B-C4DC444ED142}.Debug|Any CPU.ActiveCfg = Debug|Any CPU
		{6382ADA1-89FD-405F-B38B-C4DC444ED142}.Debug|Any CPU.Build.0 = Debug|Any CPU
		{6382ADA1-89FD-405F-B38B-C4DC444ED142}.Release|Any CPU.ActiveCfg = Release|Any CPU
		{6382ADA1-89FD-405F-B38B-C4DC444ED142}.Release|Any CPU.Build.0 = Release|Any CPU
	EndGlobalSection
	GlobalSection(SolutionProperties) = preSolution
		HideSolutionNode = FALSE
	EndGlobalSection
	GlobalSection(NestedProjects) = preSolution
		{81DDED9D-158B-E303-5F62-77A2896D2A5A} = {D65F0E4C-2F6D-4573-84DB-0547A5AF50FA}
		{E39FF41A-4062-4F30-A05D-5BB7C749BB54} = {2FAFD70D-6AC4-4DBC-8885-5A66F9CF3050}
		{4C0B4999-8922-4177-8B81-3746F4678A8D} = {E39FF41A-4062-4F30-A05D-5BB7C749BB54}
		{7CD981B0-131D-44A7-9350-38EE70680163} = {E39FF41A-4062-4F30-A05D-5BB7C749BB54}
		{EA070A9F-7414-491D-952F-31C6123FB224} = {E39FF41A-4062-4F30-A05D-5BB7C749BB54}
		{646C4E9B-07AE-4F86-9510-2F40EEDB4F0B} = {E39FF41A-4062-4F30-A05D-5BB7C749BB54}
		{70E490F2-4D13-4C24-AE2E-444A1256B58D} = {B0C9E11C-A48D-4B09-8234-A2C90B8FB204}
		{74B36590-C024-41C6-9EF1-36758A3AF47B} = {2FAFD70D-6AC4-4DBC-8885-5A66F9CF3050}
		{A8AE76CE-C3D3-4B7D-B4A2-EADEA34D9357} = {74B36590-C024-41C6-9EF1-36758A3AF47B}
		{629F7837-80F3-42EA-A18C-82C0D3FB4AC6} = {74B36590-C024-41C6-9EF1-36758A3AF47B}
		{0B7A91D2-C6C4-4B0B-9F50-5FF22A7EB026} = {74B36590-C024-41C6-9EF1-36758A3AF47B}
		{6382ADA1-89FD-405F-B38B-C4DC444ED142} = {74B36590-C024-41C6-9EF1-36758A3AF47B}
	EndGlobalSection
	GlobalSection(ExtensibilityGlobals) = postSolution
		SolutionGuid = {F09054D0-89C3-4911-9569-E51AA619C703}
	EndGlobalSection
EndGlobal
